// !$*UTF8*$!
{
	archiveVersion = 1;
	classes = {
	};
	objectVersion = 56;
	objects = {

/* Begin PBXBuildFile section */
		0B86606D2BEBC22500731DB9 /* Timer_AppApp.swift in Sources */ = {isa = PBXBuildFile; fileRef = 0B86606C2BEBC22500731DB9 /* Timer_AppApp.swift */; };
		0B86606F2BEBC22500731DB9 /* ContentView.swift in Sources */ = {isa = PBXBuildFile; fileRef = 0B86606E2BEBC22500731DB9 /* ContentView.swift */; };
		0B8660712BEBC22900731DB9 /* Assets.xcassets in Resources */ = {isa = PBXBuildFile; fileRef = 0B8660702BEBC22900731DB9 /* Assets.xcassets */; };
		0B8660742BEBC22900731DB9 /* Preview Assets.xcassets in Resources */ = {isa = PBXBuildFile; fileRef = 0B8660732BEBC22900731DB9 /* Preview Assets.xcassets */; };
		0B86607E2BEBC22900731DB9 /* Timer_AppTests.swift in Sources */ = {isa = PBXBuildFile; fileRef = 0B86607D2BEBC22900731DB9 /* Timer_AppTests.swift */; };
		0B8660882BEBC22900731DB9 /* Timer_AppUITests.swift in Sources */ = {isa = PBXBuildFile; fileRef = 0B8660872BEBC22900731DB9 /* Timer_AppUITests.swift */; };
		0B86608A2BEBC22900731DB9 /* Timer_AppUITestsLaunchTests.swift in Sources */ = {isa = PBXBuildFile; fileRef = 0B8660892BEBC22900731DB9 /* Timer_AppUITestsLaunchTests.swift */; };
/* End PBXBuildFile section */

/* Begin PBXContainerItemProxy section */
		0B86607A2BEBC22900731DB9 /* PBXContainerItemProxy */ = {
			isa = PBXContainerItemProxy;
			containerPortal = 0B8660612BEBC22500731DB9 /* Project object */;
			proxyType = 1;
			remoteGlobalIDString = 0B8660682BEBC22500731DB9;
			remoteInfo = "Timer App";
		};
		0B8660842BEBC22900731DB9 /* PBXContainerItemProxy */ = {
			isa = PBXContainerItemProxy;
			containerPortal = 0B8660612BEBC22500731DB9 /* Project object */;
			proxyType = 1;
			remoteGlobalIDString = 0B8660682BEBC22500731DB9;
			remoteInfo = "Timer App";
		};
/* End PBXContainerItemProxy section */

/* Begin PBXFileReference section */
		0B8660692BEBC22500731DB9 /* Timer App.app */ = {isa = PBXFileReference; explicitFileType = wrapper.application; includeInIndex = 0; path = "Timer App.app"; sourceTree = BUILT_PRODUCTS_DIR; };
		0B86606C2BEBC22500731DB9 /* Timer_AppApp.swift */ = {isa = PBXFileReference; lastKnownFileType = sourcecode.swift; path = Timer_AppApp.swift; sourceTree = "<group>"; };
		0B86606E2BEBC22500731DB9 /* ContentView.swift */ = {isa = PBXFileReference; lastKnownFileType = sourcecode.swift; path = ContentView.swift; sourceTree = "<group>"; };
		0B8660702BEBC22900731DB9 /* Assets.xcassets */ = {isa = PBXFileReference; lastKnownFileType = folder.assetcatalog; path = Assets.xcassets; sourceTree = "<group>"; };
		0B8660732BEBC22900731DB9 /* Preview Assets.xcassets */ = {isa = PBXFileReference; lastKnownFileType = folder.assetcatalog; path = "Preview Assets.xcassets"; sourceTree = "<group>"; };
		0B8660792BEBC22900731DB9 /* Timer AppTests.xctest */ = {isa = PBXFileReference; explicitFileType = wrapper.cfbundle; includeInIndex = 0; path = "Timer AppTests.xctest"; sourceTree = BUILT_PRODUCTS_DIR; };
		0B86607D2BEBC22900731DB9 /* Timer_AppTests.swift */ = {isa = PBXFileReference; lastKnownFileType = sourcecode.swift; path = Timer_AppTests.swift; sourceTree = "<group>"; };
		0B8660832BEBC22900731DB9 /* Timer AppUITests.xctest */ = {isa = PBXFileReference; explicitFileType = wrapper.cfbundle; includeInIndex = 0; path = "Timer AppUITests.xctest"; sourceTree = BUILT_PRODUCTS_DIR; };
		0B8660872BEBC22900731DB9 /* Timer_AppUITests.swift */ = {isa = PBXFileReference; lastKnownFileType = sourcecode.swift; path = Timer_AppUITests.swift; sourceTree = "<group>"; };
		0B8660892BEBC22900731DB9 /* Timer_AppUITestsLaunchTests.swift */ = {isa = PBXFileReference; lastKnownFileType = sourcecode.swift; path = Timer_AppUITestsLaunchTests.swift; sourceTree = "<group>"; };
/* End PBXFileReference section */

/* Begin PBXFrameworksBuildPhase section */
		0B8660662BEBC22500731DB9 /* Frameworks */ = {
			isa = PBXFrameworksBuildPhase;
			buildActionMask = 2147483647;
			files = (
			);
			runOnlyForDeploymentPostprocessing = 0;
		};
		0B8660762BEBC22900731DB9 /* Frameworks */ = {
			isa = PBXFrameworksBuildPhase;
			buildActionMask = 2147483647;
			files = (
			);
			runOnlyForDeploymentPostprocessing = 0;
		};
		0B8660802BEBC22900731DB9 /* Frameworks */ = {
			isa = PBXFrameworksBuildPhase;
			buildActionMask = 2147483647;
			files = (
			);
			runOnlyForDeploymentPostprocessing = 0;
		};
/* End PBXFrameworksBuildPhase section */

/* Begin PBXGroup section */
		0B8660602BEBC22500731DB9 = {
			isa = PBXGroup;
			children = (
				0B86606B2BEBC22500731DB9 /* Timer App */,
				0B86607C2BEBC22900731DB9 /* Timer AppTests */,
				0B8660862BEBC22900731DB9 /* Timer AppUITests */,
				0B86606A2BEBC22500731DB9 /* Products */,
			);
			sourceTree = "<group>";
		};
		0B86606A2BEBC22500731DB9 /* Products */ = {
			isa = PBXGroup;
			children = (
				0B8660692BEBC22500731DB9 /* Timer App.app */,
				0B8660792BEBC22900731DB9 /* Timer AppTests.xctest */,
				0B8660832BEBC22900731DB9 /* Timer AppUITests.xctest */,
			);
			name = Products;
			sourceTree = "<group>";
		};
		0B86606B2BEBC22500731DB9 /* Timer App */ = {
			isa = PBXGroup;
			children = (
				0B86606C2BEBC22500731DB9 /* Timer_AppApp.swift */,
				0B86606E2BEBC22500731DB9 /* ContentView.swift */,
				0B8660702BEBC22900731DB9 /* Assets.xcassets */,
				0B8660722BEBC22900731DB9 /* Preview Content */,
			);
			path = "Timer App";
			sourceTree = "<group>";
		};
		0B8660722BEBC22900731DB9 /* Preview Content */ = {
			isa = PBXGroup;
			children = (
				0B8660732BEBC22900731DB9 /* Preview Assets.xcassets */,
			);
			path = "Preview Content";
			sourceTree = "<group>";
		};
		0B86607C2BEBC22900731DB9 /* Timer AppTests */ = {
			isa = PBXGroup;
			children = (
				0B86607D2BEBC22900731DB9 /* Timer_AppTests.swift */,
			);
			path = "Timer AppTests";
			sourceTree = "<group>";
		};
		0B8660862BEBC22900731DB9 /* Timer AppUITests */ = {
			isa = PBXGroup;
			children = (
				0B8660872BEBC22900731DB9 /* Timer_AppUITests.swift */,
				0B8660892BEBC22900731DB9 /* Timer_AppUITestsLaunchTests.swift */,
			);
			path = "Timer AppUITests";
			sourceTree = "<group>";
		};
/* End PBXGroup section */

/* Begin PBXNativeTarget section */
		0B8660682BEBC22500731DB9 /* Timer App */ = {
			isa = PBXNativeTarget;
			buildConfigurationList = 0B86608D2BEBC22900731DB9 /* Build configuration list for PBXNativeTarget "Timer App" */;
			buildPhases = (
				0B8660652BEBC22500731DB9 /* Sources */,
				0B8660662BEBC22500731DB9 /* Frameworks */,
				0B8660672BEBC22500731DB9 /* Resources */,
			);
			buildRules = (
			);
			dependencies = (
			);
			name = "Timer App";
			productName = "Timer App";
			productReference = 0B8660692BEBC22500731DB9 /* Timer App.app */;
			productType = "com.apple.product-type.application";
		};
		0B8660782BEBC22900731DB9 /* Timer AppTests */ = {
			isa = PBXNativeTarget;
			buildConfigurationList = 0B8660902BEBC22900731DB9 /* Build configuration list for PBXNativeTarget "Timer AppTests" */;
			buildPhases = (
				0B8660752BEBC22900731DB9 /* Sources */,
				0B8660762BEBC22900731DB9 /* Frameworks */,
				0B8660772BEBC22900731DB9 /* Resources */,
			);
			buildRules = (
			);
			dependencies = (
				0B86607B2BEBC22900731DB9 /* PBXTargetDependency */,
			);
			name = "Timer AppTests";
			productName = "Timer AppTests";
			productReference = 0B8660792BEBC22900731DB9 /* Timer AppTests.xctest */;
			productType = "com.apple.product-type.bundle.unit-test";
		};
		0B8660822BEBC22900731DB9 /* Timer AppUITests */ = {
			isa = PBXNativeTarget;
			buildConfigurationList = 0B8660932BEBC22900731DB9 /* Build configuration list for PBXNativeTarget "Timer AppUITests" */;
			buildPhases = (
				0B86607F2BEBC22900731DB9 /* Sources */,
				0B8660802BEBC22900731DB9 /* Frameworks */,
				0B8660812BEBC22900731DB9 /* Resources */,
			);
			buildRules = (
			);
			dependencies = (
				0B8660852BEBC22900731DB9 /* PBXTargetDependency */,
			);
			name = "Timer AppUITests";
			productName = "Timer AppUITests";
			productReference = 0B8660832BEBC22900731DB9 /* Timer AppUITests.xctest */;
			productType = "com.apple.product-type.bundle.ui-testing";
		};
/* End PBXNativeTarget section */

/* Begin PBXProject section */
		0B8660612BEBC22500731DB9 /* Project object */ = {
			isa = PBXProject;
			attributes = {
				BuildIndependentTargetsInParallel = 1;
				LastSwiftUpdateCheck = 1530;
				LastUpgradeCheck = 1530;
				TargetAttributes = {
					0B8660682BEBC22500731DB9 = {
						CreatedOnToolsVersion = 15.3;
					};
					0B8660782BEBC22900731DB9 = {
						CreatedOnToolsVersion = 15.3;
						TestTargetID = 0B8660682BEBC22500731DB9;
					};
					0B8660822BEBC22900731DB9 = {
						CreatedOnToolsVersion = 15.3;
						TestTargetID = 0B8660682BEBC22500731DB9;
					};
				};
			};
			buildConfigurationList = 0B8660642BEBC22500731DB9 /* Build configuration list for PBXProject "Timer App" */;
			compatibilityVersion = "Xcode 14.0";
			developmentRegion = en;
			hasScannedForEncodings = 0;
			knownRegions = (
				en,
				Base,
			);
			mainGroup = 0B8660602BEBC22500731DB9;
			productRefGroup = 0B86606A2BEBC22500731DB9 /* Products */;
			projectDirPath = "";
			projectRoot = "";
			targets = (
				0B8660682BEBC22500731DB9 /* Timer App */,
				0B8660782BEBC22900731DB9 /* Timer AppTests */,
				0B8660822BEBC22900731DB9 /* Timer AppUITests */,
			);
		};
/* End PBXProject section */

/* Begin PBXResourcesBuildPhase section */
		0B8660672BEBC22500731DB9 /* Resources */ = {
			isa = PBXResourcesBuildPhase;
			buildActionMask = 2147483647;
			files = (
				0B8660742BEBC22900731DB9 /* Preview Assets.xcassets in Resources */,
				0B8660712BEBC22900731DB9 /* Assets.xcassets in Resources */,
			);
			runOnlyForDeploymentPostprocessing = 0;
		};
		0B8660772BEBC22900731DB9 /* Resources */ = {
			isa = PBXResourcesBuildPhase;
			buildActionMask = 2147483647;
			files = (
			);
			runOnlyForDeploymentPostprocessing = 0;
		};
		0B8660812BEBC22900731DB9 /* Resources */ = {
			isa = PBXResourcesBuildPhase;
			buildActionMask = 2147483647;
			files = (
			);
			runOnlyForDeploymentPostprocessing = 0;
		};
/* End PBXResourcesBuildPhase section */

/* Begin PBXSourcesBuildPhase section */
		0B8660652BEBC22500731DB9 /* Sources */ = {
			isa = PBXSourcesBuildPhase;
			buildActionMask = 2147483647;
			files = (
				0B86606F2BEBC22500731DB9 /* ContentView.swift in Sources */,
				0B86606D2BEBC22500731DB9 /* Timer_AppApp.swift in Sources */,
			);
			runOnlyForDeploymentPostprocessing = 0;
		};
		0B8660752BEBC22900731DB9 /* Sources */ = {
			isa = PBXSourcesBuildPhase;
			buildActionMask = 2147483647;
			files = (
				0B86607E2BEBC22900731DB9 /* Timer_AppTests.swift in Sources */,
			);
			runOnlyForDeploymentPostprocessing = 0;
		};
		0B86607F2BEBC22900731DB9 /* Sources */ = {
			isa = PBXSourcesBuildPhase;
			buildActionMask = 2147483647;
			files = (
				0B86608A2BEBC22900731DB9 /* Timer_AppUITestsLaunchTests.swift in Sources */,
				0B8660882BEBC22900731DB9 /* Timer_AppUITests.swift in Sources */,
			);
			runOnlyForDeploymentPostprocessing = 0;
		};
/* End PBXSourcesBuildPhase section */

/* Begin PBXTargetDependency section */
		0B86607B2BEBC22900731DB9 /* PBXTargetDependency */ = {
			isa = PBXTargetDependency;
			target = 0B8660682BEBC22500731DB9 /* Timer App */;
			targetProxy = 0B86607A2BEBC22900731DB9 /* PBXContainerItemProxy */;
		};
		0B8660852BEBC22900731DB9 /* PBXTargetDependency */ = {
			isa = PBXTargetDependency;
			target = 0B8660682BEBC22500731DB9 /* Timer App */;
			targetProxy = 0B8660842BEBC22900731DB9 /* PBXContainerItemProxy */;
		};
/* End PBXTargetDependency section */

/* Begin XCBuildConfiguration section */
		0B86608B2BEBC22900731DB9 /* Debug */ = {
			isa = XCBuildConfiguration;
			buildSettings = {
				ALWAYS_SEARCH_USER_PATHS = NO;
				ASSETCATALOG_COMPILER_GENERATE_SWIFT_ASSET_SYMBOL_EXTENSIONS = YES;
				CLANG_ANALYZER_NONNULL = YES;
				CLANG_ANALYZER_NUMBER_OBJECT_CONVERSION = YES_AGGRESSIVE;
				CLANG_CXX_LANGUAGE_STANDARD = "gnu++20";
				CLANG_ENABLE_MODULES = YES;
				CLANG_ENABLE_OBJC_ARC = YES;
				CLANG_ENABLE_OBJC_WEAK = YES;
				CLANG_WARN_BLOCK_CAPTURE_AUTORELEASING = YES;
				CLANG_WARN_BOOL_CONVERSION = YES;
				CLANG_WARN_COMMA = YES;
				CLANG_WARN_CONSTANT_CONVERSION = YES;
				CLANG_WARN_DEPRECATED_OBJC_IMPLEMENTATIONS = YES;
				CLANG_WARN_DIRECT_OBJC_ISA_USAGE = YES_ERROR;
				CLANG_WARN_DOCUMENTATION_COMMENTS = YES;
				CLANG_WARN_EMPTY_BODY = YES;
				CLANG_WARN_ENUM_CONVERSION = YES;
				CLANG_WARN_INFINITE_RECURSION = YES;
				CLANG_WARN_INT_CONVERSION = YES;
				CLANG_WARN_NON_LITERAL_NULL_CONVERSION = YES;
				CLANG_WARN_OBJC_IMPLICIT_RETAIN_SELF = YES;
				CLANG_WARN_OBJC_LITERAL_CONVERSION = YES;
				CLANG_WARN_OBJC_ROOT_CLASS = YES_ERROR;
				CLANG_WARN_QUOTED_INCLUDE_IN_FRAMEWORK_HEADER = YES;
				CLANG_WARN_RANGE_LOOP_ANALYSIS = YES;
				CLANG_WARN_STRICT_PROTOTYPES = YES;
				CLANG_WARN_SUSPICIOUS_MOVE = YES;
				CLANG_WARN_UNGUARDED_AVAILABILITY = YES_AGGRESSIVE;
				CLANG_WARN_UNREACHABLE_CODE = YES;
				CLANG_WARN__DUPLICATE_METHOD_MATCH = YES;
				COPY_PHASE_STRIP = NO;
				DEBUG_INFORMATION_FORMAT = dwarf;
				ENABLE_STRICT_OBJC_MSGSEND = YES;
				ENABLE_TESTABILITY = YES;
				ENABLE_USER_SCRIPT_SANDBOXING = YES;
				GCC_C_LANGUAGE_STANDARD = gnu17;
				GCC_DYNAMIC_NO_PIC = NO;
				GCC_NO_COMMON_BLOCKS = YES;
				GCC_OPTIMIZATION_LEVEL = 0;
				GCC_PREPROCESSOR_DEFINITIONS = (
					"DEBUG=1",
					"$(inherited)",
				);
				GCC_WARN_64_TO_32_BIT_CONVERSION = YES;
				GCC_WARN_ABOUT_RETURN_TYPE = YES_ERROR;
				GCC_WARN_UNDECLARED_SELECTOR = YES;
				GCC_WARN_UNINITIALIZED_AUTOS = YES_AGGRESSIVE;
				GCC_WARN_UNUSED_FUNCTION = YES;
				GCC_WARN_UNUSED_VARIABLE = YES;
				IPHONEOS_DEPLOYMENT_TARGET = 17.4;
				LOCALIZATION_PREFERS_STRING_CATALOGS = YES;
				MTL_ENABLE_DEBUG_INFO = INCLUDE_SOURCE;
				MTL_FAST_MATH = YES;
				ONLY_ACTIVE_ARCH = YES;
				SDKROOT = iphoneos;
				SWIFT_ACTIVE_COMPILATION_CONDITIONS = "DEBUG $(inherited)";
				SWIFT_OPTIMIZATION_LEVEL = "-Onone";
			};
			name = Debug;
		};
		0B86608C2BEBC22900731DB9 /* Release */ = {
			isa = XCBuildConfiguration;
			buildSettings = {
				ALWAYS_SEARCH_USER_PATHS = NO;
				ASSETCATALOG_COMPILER_GENERATE_SWIFT_ASSET_SYMBOL_EXTENSIONS = YES;
				CLANG_ANALYZER_NONNULL = YES;
				CLANG_ANALYZER_NUMBER_OBJECT_CONVERSION = YES_AGGRESSIVE;
				CLANG_CXX_LANGUAGE_STANDARD = "gnu++20";
				CLANG_ENABLE_MODULES = YES;
				CLANG_ENABLE_OBJC_ARC = YES;
				CLANG_ENABLE_OBJC_WEAK = YES;
				CLANG_WARN_BLOCK_CAPTURE_AUTORELEASING = YES;
				CLANG_WARN_BOOL_CONVERSION = YES;
				CLANG_WARN_COMMA = YES;
				CLANG_WARN_CONSTANT_CONVERSION = YES;
				CLANG_WARN_DEPRECATED_OBJC_IMPLEMENTATIONS = YES;
				CLANG_WARN_DIRECT_OBJC_ISA_USAGE = YES_ERROR;
				CLANG_WARN_DOCUMENTATION_COMMENTS = YES;
				CLANG_WARN_EMPTY_BODY = YES;
				CLANG_WARN_ENUM_CONVERSION = YES;
				CLANG_WARN_INFINITE_RECURSION = YES;
				CLANG_WARN_INT_CONVERSION = YES;
				CLANG_WARN_NON_LITERAL_NULL_CONVERSION = YES;
				CLANG_WARN_OBJC_IMPLICIT_RETAIN_SELF = YES;
				CLANG_WARN_OBJC_LITERAL_CONVERSION = YES;
				CLANG_WARN_OBJC_ROOT_CLASS = YES_ERROR;
				CLANG_WARN_QUOTED_INCLUDE_IN_FRAMEWORK_HEADER = YES;
				CLANG_WARN_RANGE_LOOP_ANALYSIS = YES;
				CLANG_WARN_STRICT_PROTOTYPES = YES;
				CLANG_WARN_SUSPICIOUS_MOVE = YES;
				CLANG_WARN_UNGUARDED_AVAILABILITY = YES_AGGRESSIVE;
				CLANG_WARN_UNREACHABLE_CODE = YES;
				CLANG_WARN__DUPLICATE_METHOD_MATCH = YES;
				COPY_PHASE_STRIP = NO;
				DEBUG_INFORMATION_FORMAT = "dwarf-with-dsym";
				ENABLE_NS_ASSERTIONS = NO;
				ENABLE_STRICT_OBJC_MSGSEND = YES;
				ENABLE_USER_SCRIPT_SANDBOXING = YES;
				GCC_C_LANGUAGE_STANDARD = gnu17;
				GCC_NO_COMMON_BLOCKS = YES;
				GCC_WARN_64_TO_32_BIT_CONVERSION = YES;
				GCC_WARN_ABOUT_RETURN_TYPE = YES_ERROR;
				GCC_WARN_UNDECLARED_SELECTOR = YES;
				GCC_WARN_UNINITIALIZED_AUTOS = YES_AGGRESSIVE;
				GCC_WARN_UNUSED_FUNCTION = YES;
				GCC_WARN_UNUSED_VARIABLE = YES;
				IPHONEOS_DEPLOYMENT_TARGET = 17.4;
				LOCALIZATION_PREFERS_STRING_CATALOGS = YES;
				MTL_ENABLE_DEBUG_INFO = NO;
				MTL_FAST_MATH = YES;
				SDKROOT = iphoneos;
				SWIFT_COMPILATION_MODE = wholemodule;
				VALIDATE_PRODUCT = YES;
			};
			name = Release;
		};
		0B86608E2BEBC22900731DB9 /* Debug */ = {
			isa = XCBuildConfiguration;
			buildSettings = {
				ASSETCATALOG_COMPILER_APPICON_NAME = AppIcon;
				ASSETCATALOG_COMPILER_GLOBAL_ACCENT_COLOR_NAME = AccentColor;
				CODE_SIGN_STYLE = Automatic;
				CURRENT_PROJECT_VERSION = 1;
				DEVELOPMENT_ASSET_PATHS = "\"Timer App/Preview Content\"";
				DEVELOPMENT_TEAM = 34UZ636LAD;
				ENABLE_PREVIEWS = YES;
				GENERATE_INFOPLIST_FILE = YES;
				INFOPLIST_KEY_UIApplicationSceneManifest_Generation = YES;
				INFOPLIST_KEY_UIApplicationSupportsIndirectInputEvents = YES;
				INFOPLIST_KEY_UILaunchScreen_Generation = YES;
				INFOPLIST_KEY_UISupportedInterfaceOrientations_iPad = "UIInterfaceOrientationPortrait UIInterfaceOrientationPortraitUpsideDown UIInterfaceOrientationLandscapeLeft UIInterfaceOrientationLandscapeRight";
				INFOPLIST_KEY_UISupportedInterfaceOrientations_iPhone = "UIInterfaceOrientationPortrait UIInterfaceOrientationLandscapeLeft UIInterfaceOrientationLandscapeRight";
				LD_RUNPATH_SEARCH_PATHS = (
					"$(inherited)",
					"@executable_path/Frameworks",
				);
				MARKETING_VERSION = 1.0;
				PRODUCT_BUNDLE_IDENTIFIER = "Sailor-Saturn.Timer-App";
				PRODUCT_NAME = "$(TARGET_NAME)";
				SWIFT_EMIT_LOC_STRINGS = YES;
				SWIFT_VERSION = 5.0;
				TARGETED_DEVICE_FAMILY = "1,2";
			};
			name = Debug;
		};
		0B86608F2BEBC22900731DB9 /* Release */ = {
			isa = XCBuildConfiguration;
			buildSettings = {
				ASSETCATALOG_COMPILER_APPICON_NAME = AppIcon;
				ASSETCATALOG_COMPILER_GLOBAL_ACCENT_COLOR_NAME = AccentColor;
				CODE_SIGN_STYLE = Automatic;
				CURRENT_PROJECT_VERSION = 1;
				DEVELOPMENT_ASSET_PATHS = "\"Timer App/Preview Content\"";
				DEVELOPMENT_TEAM = 34UZ636LAD;
				ENABLE_PREVIEWS = YES;
				GENERATE_INFOPLIST_FILE = YES;
				INFOPLIST_KEY_UIApplicationSceneManifest_Generation = YES;
				INFOPLIST_KEY_UIApplicationSupportsIndirectInputEvents = YES;
				INFOPLIST_KEY_UILaunchScreen_Generation = YES;
				INFOPLIST_KEY_UISupportedInterfaceOrientations_iPad = "UIInterfaceOrientationPortrait UIInterfaceOrientationPortraitUpsideDown UIInterfaceOrientationLandscapeLeft UIInterfaceOrientationLandscapeRight";
				INFOPLIST_KEY_UISupportedInterfaceOrientations_iPhone = "UIInterfaceOrientationPortrait UIInterfaceOrientationLandscapeLeft UIInterfaceOrientationLandscapeRight";
				LD_RUNPATH_SEARCH_PATHS = (
					"$(inherited)",
					"@executable_path/Frameworks",
				);
				MARKETING_VERSION = 1.0;
				PRODUCT_BUNDLE_IDENTIFIER = "Sailor-Saturn.Timer-App";
				PRODUCT_NAME = "$(TARGET_NAME)";
				SWIFT_EMIT_LOC_STRINGS = YES;
				SWIFT_VERSION = 5.0;
				TARGETED_DEVICE_FAMILY = "1,2";
			};
			name = Release;
		};
		0B8660912BEBC22900731DB9 /* Debug */ = {
			isa = XCBuildConfiguration;
			buildSettings = {
				ALWAYS_EMBED_SWIFT_STANDARD_LIBRARIES = YES;
				BUNDLE_LOADER = "$(TEST_HOST)";
				CODE_SIGN_STYLE = Automatic;
				CURRENT_PROJECT_VERSION = 1;
				DEVELOPMENT_TEAM = 34UZ636LAD;
				GENERATE_INFOPLIST_FILE = YES;
				IPHONEOS_DEPLOYMENT_TARGET = 17.4;
				MARKETING_VERSION = 1.0;
				PRODUCT_BUNDLE_IDENTIFIER = "Sailor-Saturn.Timer-AppTests";
				PRODUCT_NAME = "$(TARGET_NAME)";
				SWIFT_EMIT_LOC_STRINGS = NO;
				SWIFT_VERSION = 5.0;
				TARGETED_DEVICE_FAMILY = "1,2";
				TEST_HOST = "$(BUILT_PRODUCTS_DIR)/Timer App.app/$(BUNDLE_EXECUTABLE_FOLDER_PATH)/Timer App";
			};
			name = Debug;
		};
		0B8660922BEBC22900731DB9 /* Release */ = {
			isa = XCBuildConfiguration;
			buildSettings = {
				ALWAYS_EMBED_SWIFT_STANDARD_LIBRARIES = YES;
				BUNDLE_LOADER = "$(TEST_HOST)";
				CODE_SIGN_STYLE = Automatic;
				CURRENT_PROJECT_VERSION = 1;
				DEVELOPMENT_TEAM = 34UZ636LAD;
				GENERATE_INFOPLIST_FILE = YES;
				IPHONEOS_DEPLOYMENT_TARGET = 17.4;
				MARKETING_VERSION = 1.0;
				PRODUCT_BUNDLE_IDENTIFIER = "Sailor-Saturn.Timer-AppTests";
				PRODUCT_NAME = "$(TARGET_NAME)";
				SWIFT_EMIT_LOC_STRINGS = NO;
				SWIFT_VERSION = 5.0;
				TARGETED_DEVICE_FAMILY = "1,2";
				TEST_HOST = "$(BUILT_PRODUCTS_DIR)/Timer App.app/$(BUNDLE_EXECUTABLE_FOLDER_PATH)/Timer App";
			};
			name = Release;
		};
		0B8660942BEBC22900731DB9 /* Debug */ = {
			isa = XCBuildConfiguration;
			buildSettings = {
				ALWAYS_EMBED_SWIFT_STANDARD_LIBRARIES = YES;
				CODE_SIGN_STYLE = Automatic;
				CURRENT_PROJECT_VERSION = 1;
				DEVELOPMENT_TEAM = 34UZ636LAD;
				GENERATE_INFOPLIST_FILE = YES;
				MARKETING_VERSION = 1.0;
				PRODUCT_BUNDLE_IDENTIFIER = "Sailor-Saturn.Timer-AppUITests";
				PRODUCT_NAME = "$(TARGET_NAME)";
				SWIFT_EMIT_LOC_STRINGS = NO;
				SWIFT_VERSION = 5.0;
				TARGETED_DEVICE_FAMILY = "1,2";
				TEST_TARGET_NAME = "Timer App";
			};
			name = Debug;
		};
		0B8660952BEBC22900731DB9 /* Release */ = {
			isa = XCBuildConfiguration;
			buildSettings = {
				ALWAYS_EMBED_SWIFT_STANDARD_LIBRARIES = YES;
				CODE_SIGN_STYLE = Automatic;
				CURRENT_PROJECT_VERSION = 1;
				DEVELOPMENT_TEAM = 34UZ636LAD;
				GENERATE_INFOPLIST_FILE = YES;
				MARKETING_VERSION = 1.0;
				PRODUCT_BUNDLE_IDENTIFIER = "Sailor-Saturn.Timer-AppUITests";
				PRODUCT_NAME = "$(TARGET_NAME)";
				SWIFT_EMIT_LOC_STRINGS = NO;
				SWIFT_VERSION = 5.0;
				TARGETED_DEVICE_FAMILY = "1,2";
				TEST_TARGET_NAME = "Timer App";
			};
			name = Release;
		};
/* End XCBuildConfiguration section */

/* Begin XCConfigurationList section */
		0B8660642BEBC22500731DB9 /* Build configuration list for PBXProject "Timer App" */ = {
			isa = XCConfigurationList;
			buildConfigurations = (
				0B86608B2BEBC22900731DB9 /* Debug */,
				0B86608C2BEBC22900731DB9 /* Release */,
			);
			defaultConfigurationIsVisible = 0;
			defaultConfigurationName = Release;
		};
		0B86608D2BEBC22900731DB9 /* Build configuration list for PBXNativeTarget "Timer App" */ = {
			isa = XCConfigurationList;
			buildConfigurations = (
				0B86608E2BEBC22900731DB9 /* Debug */,
				0B86608F2BEBC22900731DB9 /* Release */,
			);
			defaultConfigurationIsVisible = 0;
			defaultConfigurationName = Release;
		};
		0B8660902BEBC22900731DB9 /* Build configuration list for PBXNativeTarget "Timer AppTests" */ = {
			isa = XCConfigurationList;
			buildConfigurations = (
				0B8660912BEBC22900731DB9 /* Debug */,
				0B8660922BEBC22900731DB9 /* Release */,
			);
			defaultConfigurationIsVisible = 0;
			defaultConfigurationName = Release;
		};
		0B8660932BEBC22900731DB9 /* Build configuration list for PBXNativeTarget "Timer AppUITests" */ = {
			isa = XCConfigurationList;
			buildConfigurations = (
				0B8660942BEBC22900731DB9 /* Debug */,
				0B8660952BEBC22900731DB9 /* Release */,
			);
			defaultConfigurationIsVisible = 0;
			defaultConfigurationName = Release;
		};
/* End XCConfigurationList section */
	};
	rootObject = 0B8660612BEBC22500731DB9 /* Project object */;
}
